
Microsoft Visual Studio Solution File, Format Version 12.00
Project("{FAE04EC0-301F-11D3-BF4B-00C04F79EFBC}") = "XOR encoder", "XOR encoder\XOR encoder.csproj", "{4D08D178-583E-4D82-A5CF-59D76CF62753}"
EndProject
Global
	GlobalSection(SolutionConfigurationPlatforms) = preSolution
		Debug|Any CPU = Debug|Any CPU
		Release|Any CPU = Release|Any CPU
	EndGlobalSection
	GlobalSection(ProjectConfigurationPlatforms) = postSolution
		{4D08D178-583E-4D82-A5CF-59D76CF62753}.Debug|Any CPU.ActiveCfg = Debug|Any CPU
		{4D08D178-583E-4D82-A5CF-59D76CF62753}.Debug|Any CPU.Build.0 = Debug|Any CPU
		{4D08D178-583E-4D82-A5CF-59D76CF62753}.Release|Any CPU.ActiveCfg = Release|Any CPU
		{4D08D178-583E-4D82-A5CF-59D76CF62753}.Release|Any CPU.Build.0 = Release|Any CPU
	EndGlobalSection
EndGlobal
